// !$*UTF8*$!
{
	archiveVersion = 1;
	classes = {
	};
	objectVersion = 50;
	objects = {

/* Begin PBXBuildFile section */
		270B35AC23E5E109008F0102 /* UIDesignSystem.framework in Frameworks */ = {isa = PBXBuildFile; fileRef = 270B35A223E5E109008F0102 /* UIDesignSystem.framework */; };
		270B35B123E5E109008F0102 /* UIDesignSystemTests.swift in Sources */ = {isa = PBXBuildFile; fileRef = 270B35B023E5E109008F0102 /* UIDesignSystemTests.swift */; };
		270B35B323E5E109008F0102 /* UIDesignSystem.h in Headers */ = {isa = PBXBuildFile; fileRef = 270B35A523E5E109008F0102 /* UIDesignSystem.h */; settings = {ATTRIBUTES = (Public, ); }; };
		270B35BE23E5E125008F0102 /* UIElements.framework in Frameworks */ = {isa = PBXBuildFile; fileRef = 270B35BD23E5E125008F0102 /* UIElements.framework */; };
		270B35BF23E5E125008F0102 /* UIElements.framework in Embed Frameworks */ = {isa = PBXBuildFile; fileRef = 270B35BD23E5E125008F0102 /* UIElements.framework */; settings = {ATTRIBUTES = (CodeSignOnCopy, RemoveHeadersOnCopy, ); }; };
/* End PBXBuildFile section */

/* Begin PBXContainerItemProxy section */
		270B35AD23E5E109008F0102 /* PBXContainerItemProxy */ = {
			isa = PBXContainerItemProxy;
			containerPortal = 270B359923E5E109008F0102 /* Project object */;
			proxyType = 1;
			remoteGlobalIDString = 270B35A123E5E109008F0102;
			remoteInfo = UIDesignSystem;
		};
/* End PBXContainerItemProxy section */

/* Begin PBXCopyFilesBuildPhase section */
		270B35C023E5E125008F0102 /* Embed Frameworks */ = {
			isa = PBXCopyFilesBuildPhase;
			buildActionMask = 2147483647;
			dstPath = "";
			dstSubfolderSpec = 10;
			files = (
				270B35BF23E5E125008F0102 /* UIElements.framework in Embed Frameworks */,
			);
			name = "Embed Frameworks";
			runOnlyForDeploymentPostprocessing = 0;
		};
/* End PBXCopyFilesBuildPhase section */

/* Begin PBXFileReference section */
		270B35A223E5E109008F0102 /* UIDesignSystem.framework */ = {isa = PBXFileReference; explicitFileType = wrapper.framework; includeInIndex = 0; path = UIDesignSystem.framework; sourceTree = BUILT_PRODUCTS_DIR; };
		270B35A523E5E109008F0102 /* UIDesignSystem.h */ = {isa = PBXFileReference; lastKnownFileType = sourcecode.c.h; path = UIDesignSystem.h; sourceTree = "<group>"; };
		270B35A623E5E109008F0102 /* Info.plist */ = {isa = PBXFileReference; lastKnownFileType = text.plist.xml; path = Info.plist; sourceTree = "<group>"; };
		270B35AB23E5E109008F0102 /* UIDesignSystemTests.xctest */ = {isa = PBXFileReference; explicitFileType = wrapper.cfbundle; includeInIndex = 0; path = UIDesignSystemTests.xctest; sourceTree = BUILT_PRODUCTS_DIR; };
		270B35B023E5E109008F0102 /* UIDesignSystemTests.swift */ = {isa = PBXFileReference; lastKnownFileType = sourcecode.swift; path = UIDesignSystemTests.swift; sourceTree = "<group>"; };
		270B35B223E5E109008F0102 /* Info.plist */ = {isa = PBXFileReference; lastKnownFileType = text.plist.xml; path = Info.plist; sourceTree = "<group>"; };
		270B35BD23E5E125008F0102 /* UIElements.framework */ = {isa = PBXFileReference; explicitFileType = wrapper.framework; path = UIElements.framework; sourceTree = BUILT_PRODUCTS_DIR; };
/* End PBXFileReference section */

/* Begin PBXFrameworksBuildPhase section */
		270B359F23E5E109008F0102 /* Frameworks */ = {
			isa = PBXFrameworksBuildPhase;
			buildActionMask = 2147483647;
			files = (
				270B35BE23E5E125008F0102 /* UIElements.framework in Frameworks */,
			);
			runOnlyForDeploymentPostprocessing = 0;
		};
		270B35A823E5E109008F0102 /* Frameworks */ = {
			isa = PBXFrameworksBuildPhase;
			buildActionMask = 2147483647;
			files = (
				270B35AC23E5E109008F0102 /* UIDesignSystem.framework in Frameworks */,
			);
			runOnlyForDeploymentPostprocessing = 0;
		};
/* End PBXFrameworksBuildPhase section */

/* Begin PBXGroup section */
		270B359823E5E109008F0102 = {
			isa = PBXGroup;
			children = (
				270B35A423E5E109008F0102 /* UIDesignSystem */,
				270B35AF23E5E109008F0102 /* UIDesignSystemTests */,
				270B35A323E5E109008F0102 /* Products */,
				270B35BC23E5E125008F0102 /* Frameworks */,
			);
			sourceTree = "<group>";
		};
		270B35A323E5E109008F0102 /* Products */ = {
			isa = PBXGroup;
			children = (
				270B35A223E5E109008F0102 /* UIDesignSystem.framework */,
				270B35AB23E5E109008F0102 /* UIDesignSystemTests.xctest */,
			);
			name = Products;
			sourceTree = "<group>";
		};
		270B35A423E5E109008F0102 /* UIDesignSystem */ = {
			isa = PBXGroup;
			children = (
				270B35C923E5E3D0008F0102 /* Utils */,
				270B35A523E5E109008F0102 /* UIDesignSystem.h */,
			);
			path = UIDesignSystem;
			sourceTree = "<group>";
		};
		270B35AF23E5E109008F0102 /* UIDesignSystemTests */ = {
			isa = PBXGroup;
			children = (
				270B35B023E5E109008F0102 /* UIDesignSystemTests.swift */,
				270B35B223E5E109008F0102 /* Info.plist */,
			);
			path = UIDesignSystemTests;
			sourceTree = "<group>";
		};
		270B35BC23E5E125008F0102 /* Frameworks */ = {
			isa = PBXGroup;
			children = (
				270B35BD23E5E125008F0102 /* UIElements.framework */,
			);
			name = Frameworks;
			sourceTree = "<group>";
		};
		270B35C923E5E3D0008F0102 /* Utils */ = {
			isa = PBXGroup;
			children = (
				270B35CA23E5E3D5008F0102 /* plist */,
			);
			path = Utils;
			sourceTree = "<group>";
		};
		270B35CA23E5E3D5008F0102 /* plist */ = {
			isa = PBXGroup;
			children = (
				270B35A623E5E109008F0102 /* Info.plist */,
			);
			path = plist;
			sourceTree = "<group>";
		};
/* End PBXGroup section */

/* Begin PBXHeadersBuildPhase section */
		270B359D23E5E109008F0102 /* Headers */ = {
			isa = PBXHeadersBuildPhase;
			buildActionMask = 2147483647;
			files = (
				270B35B323E5E109008F0102 /* UIDesignSystem.h in Headers */,
			);
			runOnlyForDeploymentPostprocessing = 0;
		};
/* End PBXHeadersBuildPhase section */

/* Begin PBXNativeTarget section */
		270B35A123E5E109008F0102 /* UIDesignSystem */ = {
			isa = PBXNativeTarget;
			buildConfigurationList = 270B35B623E5E109008F0102 /* Build configuration list for PBXNativeTarget "UIDesignSystem" */;
			buildPhases = (
				270B359D23E5E109008F0102 /* Headers */,
				270B359E23E5E109008F0102 /* Sources */,
				270B359F23E5E109008F0102 /* Frameworks */,
				270B35A023E5E109008F0102 /* Resources */,
				270B35C023E5E125008F0102 /* Embed Frameworks */,
			);
			buildRules = (
			);
			dependencies = (
			);
			name = UIDesignSystem;
			productName = UIDesignSystem;
			productReference = 270B35A223E5E109008F0102 /* UIDesignSystem.framework */;
			productType = "com.apple.product-type.framework";
		};
		270B35AA23E5E109008F0102 /* UIDesignSystemTests */ = {
			isa = PBXNativeTarget;
			buildConfigurationList = 270B35B923E5E109008F0102 /* Build configuration list for PBXNativeTarget "UIDesignSystemTests" */;
			buildPhases = (
				270B35A723E5E109008F0102 /* Sources */,
				270B35A823E5E109008F0102 /* Frameworks */,
				270B35A923E5E109008F0102 /* Resources */,
			);
			buildRules = (
			);
			dependencies = (
				270B35AE23E5E109008F0102 /* PBXTargetDependency */,
			);
			name = UIDesignSystemTests;
			productName = UIDesignSystemTests;
			productReference = 270B35AB23E5E109008F0102 /* UIDesignSystemTests.xctest */;
			productType = "com.apple.product-type.bundle.unit-test";
		};
/* End PBXNativeTarget section */

/* Begin PBXProject section */
		270B359923E5E109008F0102 /* Project object */ = {
			isa = PBXProject;
			attributes = {
				LastSwiftUpdateCheck = 1130;
				LastUpgradeCheck = 1130;
				ORGANIZATIONNAME = karlesct;
				TargetAttributes = {
					270B35A123E5E109008F0102 = {
						CreatedOnToolsVersion = 11.3.1;
					};
					270B35AA23E5E109008F0102 = {
						CreatedOnToolsVersion = 11.3.1;
					};
				};
			};
			buildConfigurationList = 270B359C23E5E109008F0102 /* Build configuration list for PBXProject "UIDesignSystem" */;
			compatibilityVersion = "Xcode 9.3";
			developmentRegion = en;
			hasScannedForEncodings = 0;
			knownRegions = (
				en,
				Base,
			);
			mainGroup = 270B359823E5E109008F0102;
			productRefGroup = 270B35A323E5E109008F0102 /* Products */;
			projectDirPath = "";
			projectRoot = "";
			targets = (
				270B35A123E5E109008F0102 /* UIDesignSystem */,
				270B35AA23E5E109008F0102 /* UIDesignSystemTests */,
			);
		};
/* End PBXProject section */

/* Begin PBXResourcesBuildPhase section */
		270B35A023E5E109008F0102 /* Resources */ = {
			isa = PBXResourcesBuildPhase;
			buildActionMask = 2147483647;
			files = (
			);
			runOnlyForDeploymentPostprocessing = 0;
		};
		270B35A923E5E109008F0102 /* Resources */ = {
			isa = PBXResourcesBuildPhase;
			buildActionMask = 2147483647;
			files = (
			);
			runOnlyForDeploymentPostprocessing = 0;
		};
/* End PBXResourcesBuildPhase section */

/* Begin PBXSourcesBuildPhase section */
		270B359E23E5E109008F0102 /* Sources */ = {
			isa = PBXSourcesBuildPhase;
			buildActionMask = 2147483647;
			files = (
			);
			runOnlyForDeploymentPostprocessing = 0;
		};
		270B35A723E5E109008F0102 /* Sources */ = {
			isa = PBXSourcesBuildPhase;
			buildActionMask = 2147483647;
			files = (
				270B35B123E5E109008F0102 /* UIDesignSystemTests.swift in Sources */,
			);
			runOnlyForDeploymentPostprocessing = 0;
		};
/* End PBXSourcesBuildPhase section */

/* Begin PBXTargetDependency section */
		270B35AE23E5E109008F0102 /* PBXTargetDependency */ = {
			isa = PBXTargetDependency;
			target = 270B35A123E5E109008F0102 /* UIDesignSystem */;
			targetProxy = 270B35AD23E5E109008F0102 /* PBXContainerItemProxy */;
		};
/* End PBXTargetDependency section */

/* Begin XCBuildConfiguration section */
		270B35B423E5E109008F0102 /* Debug */ = {
			isa = XCBuildConfiguration;
			buildSettings = {
				ALWAYS_SEARCH_USER_PATHS = NO;
				CLANG_ANALYZER_NONNULL = YES;
				CLANG_ANALYZER_NUMBER_OBJECT_CONVERSION = YES_AGGRESSIVE;
				CLANG_CXX_LANGUAGE_STANDARD = "gnu++14";
				CLANG_CXX_LIBRARY = "libc++";
				CLANG_ENABLE_MODULES = YES;
				CLANG_ENABLE_OBJC_ARC = YES;
				CLANG_ENABLE_OBJC_WEAK = YES;
				CLANG_WARN_BLOCK_CAPTURE_AUTORELEASING = YES;
				CLANG_WARN_BOOL_CONVERSION = YES;
				CLANG_WARN_COMMA = YES;
				CLANG_WARN_CONSTANT_CONVERSION = YES;
				CLANG_WARN_DEPRECATED_OBJC_IMPLEMENTATIONS = YES;
				CLANG_WARN_DIRECT_OBJC_ISA_USAGE = YES_ERROR;
				CLANG_WARN_DOCUMENTATION_COMMENTS = YES;
				CLANG_WARN_EMPTY_BODY = YES;
				CLANG_WARN_ENUM_CONVERSION = YES;
				CLANG_WARN_INFINITE_RECURSION = YES;
				CLANG_WARN_INT_CONVERSION = YES;
				CLANG_WARN_NON_LITERAL_NULL_CONVERSION = YES;
				CLANG_WARN_OBJC_IMPLICIT_RETAIN_SELF = YES;
				CLANG_WARN_OBJC_LITERAL_CONVERSION = YES;
				CLANG_WARN_OBJC_ROOT_CLASS = YES_ERROR;
				CLANG_WARN_RANGE_LOOP_ANALYSIS = YES;
				CLANG_WARN_STRICT_PROTOTYPES = YES;
				CLANG_WARN_SUSPICIOUS_MOVE = YES;
				CLANG_WARN_UNGUARDED_AVAILABILITY = YES_AGGRESSIVE;
				CLANG_WARN_UNREACHABLE_CODE = YES;
				CLANG_WARN__DUPLICATE_METHOD_MATCH = YES;
				COPY_PHASE_STRIP = NO;
				CURRENT_PROJECT_VERSION = 1;
				DEBUG_INFORMATION_FORMAT = dwarf;
				ENABLE_STRICT_OBJC_MSGSEND = YES;
				ENABLE_TESTABILITY = YES;
				GCC_C_LANGUAGE_STANDARD = gnu11;
				GCC_DYNAMIC_NO_PIC = NO;
				GCC_NO_COMMON_BLOCKS = YES;
				GCC_OPTIMIZATION_LEVEL = 0;
				GCC_PREPROCESSOR_DEFINITIONS = (
					"DEBUG=1",
					"$(inherited)",
				);
				GCC_WARN_64_TO_32_BIT_CONVERSION = YES;
				GCC_WARN_ABOUT_RETURN_TYPE = YES_ERROR;
				GCC_WARN_UNDECLARED_SELECTOR = YES;
				GCC_WARN_UNINITIALIZED_AUTOS = YES_AGGRESSIVE;
				GCC_WARN_UNUSED_FUNCTION = YES;
				GCC_WARN_UNUSED_VARIABLE = YES;
				IPHONEOS_DEPLOYMENT_TARGET = 13.2;
				MTL_ENABLE_DEBUG_INFO = INCLUDE_SOURCE;
				MTL_FAST_MATH = YES;
				ONLY_ACTIVE_ARCH = YES;
				SDKROOT = iphoneos;
				SWIFT_ACTIVE_COMPILATION_CONDITIONS = DEBUG;
				SWIFT_OPTIMIZATION_LEVEL = "-Onone";
				VERSIONING_SYSTEM = "apple-generic";
				VERSION_INFO_PREFIX = "";
			};
			name = Debug;
		};
		270B35B523E5E109008F0102 /* Release */ = {
			isa = XCBuildConfiguration;
			buildSettings = {
				ALWAYS_SEARCH_USER_PATHS = NO;
				CLANG_ANALYZER_NONNULL = YES;
				CLANG_ANALYZER_NUMBER_OBJECT_CONVERSION = YES_AGGRESSIVE;
				CLANG_CXX_LANGUAGE_STANDARD = "gnu++14";
				CLANG_CXX_LIBRARY = "libc++";
				CLANG_ENABLE_MODULES = YES;
				CLANG_ENABLE_OBJC_ARC = YES;
				CLANG_ENABLE_OBJC_WEAK = YES;
				CLANG_WARN_BLOCK_CAPTURE_AUTORELEASING = YES;
				CLANG_WARN_BOOL_CONVERSION = YES;
				CLANG_WARN_COMMA = YES;
				CLANG_WARN_CONSTANT_CONVERSION = YES;
				CLANG_WARN_DEPRECATED_OBJC_IMPLEMENTATIONS = YES;
				CLANG_WARN_DIRECT_OBJC_ISA_USAGE = YES_ERROR;
				CLANG_WARN_DOCUMENTATION_COMMENTS = YES;
				CLANG_WARN_EMPTY_BODY = YES;
				CLANG_WARN_ENUM_CONVERSION = YES;
				CLANG_WARN_INFINITE_RECURSION = YES;
				CLANG_WARN_INT_CONVERSION = YES;
				CLANG_WARN_NON_LITERAL_NULL_CONVERSION = YES;
				CLANG_WARN_OBJC_IMPLICIT_RETAIN_SELF = YES;
				CLANG_WARN_OBJC_LITERAL_CONVERSION = YES;
				CLANG_WARN_OBJC_ROOT_CLASS = YES_ERROR;
				CLANG_WARN_RANGE_LOOP_ANALYSIS = YES;
				CLANG_WARN_STRICT_PROTOTYPES = YES;
				CLANG_WARN_SUSPICIOUS_MOVE = YES;
				CLANG_WARN_UNGUARDED_AVAILABILITY = YES_AGGRESSIVE;
				CLANG_WARN_UNREACHABLE_CODE = YES;
				CLANG_WARN__DUPLICATE_METHOD_MATCH = YES;
				COPY_PHASE_STRIP = NO;
				CURRENT_PROJECT_VERSION = 1;
				DEBUG_INFORMATION_FORMAT = "dwarf-with-dsym";
				ENABLE_NS_ASSERTIONS = NO;
				ENABLE_STRICT_OBJC_MSGSEND = YES;
				GCC_C_LANGUAGE_STANDARD = gnu11;
				GCC_NO_COMMON_BLOCKS = YES;
				GCC_WARN_64_TO_32_BIT_CONVERSION = YES;
				GCC_WARN_ABOUT_RETURN_TYPE = YES_ERROR;
				GCC_WARN_UNDECLARED_SELECTOR = YES;
				GCC_WARN_UNINITIALIZED_AUTOS = YES_AGGRESSIVE;
				GCC_WARN_UNUSED_FUNCTION = YES;
				GCC_WARN_UNUSED_VARIABLE = YES;
				IPHONEOS_DEPLOYMENT_TARGET = 13.2;
				MTL_ENABLE_DEBUG_INFO = NO;
				MTL_FAST_MATH = YES;
				SDKROOT = iphoneos;
				SWIFT_COMPILATION_MODE = wholemodule;
				SWIFT_OPTIMIZATION_LEVEL = "-O";
				VALIDATE_PRODUCT = YES;
				VERSIONING_SYSTEM = "apple-generic";
				VERSION_INFO_PREFIX = "";
			};
			name = Release;
		};
		270B35B723E5E109008F0102 /* Debug */ = {
			isa = XCBuildConfiguration;
			buildSettings = {
				CODE_SIGN_STYLE = Automatic;
				DEFINES_MODULE = YES;
				DYLIB_COMPATIBILITY_VERSION = 1;
				DYLIB_CURRENT_VERSION = 1;
				DYLIB_INSTALL_NAME_BASE = "@rpath";
				INFOPLIST_FILE = UIDesignSystem/Utils/Plist/Info.plist;
				INSTALL_PATH = "$(LOCAL_LIBRARY_DIR)/Frameworks";
				LD_RUNPATH_SEARCH_PATHS = (
					"$(inherited)",
					"@executable_path/Frameworks",
					"@loader_path/Frameworks",
				);
				PRODUCT_BUNDLE_IDENTIFIER = es.architecture.MVVM.UIDesignSystem;
				PRODUCT_NAME = "$(TARGET_NAME:c99extidentifier)";
				SKIP_INSTALL = YES;
				SWIFT_VERSION = 5.0;
				TARGETED_DEVICE_FAMILY = "1,2";
			};
			name = Debug;
		};
		270B35B823E5E109008F0102 /* Release */ = {
			isa = XCBuildConfiguration;
			buildSettings = {
				CODE_SIGN_STYLE = Automatic;
				DEFINES_MODULE = YES;
				DYLIB_COMPATIBILITY_VERSION = 1;
				DYLIB_CURRENT_VERSION = 1;
				DYLIB_INSTALL_NAME_BASE = "@rpath";
				INFOPLIST_FILE = UIDesignSystem/Utils/Plist/Info.plist;
				INSTALL_PATH = "$(LOCAL_LIBRARY_DIR)/Frameworks";
				LD_RUNPATH_SEARCH_PATHS = (
					"$(inherited)",
					"@executable_path/Frameworks",
					"@loader_path/Frameworks",
				);
				PRODUCT_BUNDLE_IDENTIFIER = es.architecture.MVVM.UIDesignSystem;
				PRODUCT_NAME = "$(TARGET_NAME:c99extidentifier)";
				SKIP_INSTALL = YES;
				SWIFT_VERSION = 5.0;
				TARGETED_DEVICE_FAMILY = "1,2";
			};
			name = Release;
		};
		270B35BA23E5E109008F0102 /* Debug */ = {
			isa = XCBuildConfiguration;
			buildSettings = {
				CODE_SIGN_STYLE = Automatic;
				INFOPLIST_FILE = UIDesignSystemTests/Info.plist;
				LD_RUNPATH_SEARCH_PATHS = (
					"$(inherited)",
					"@executable_path/Frameworks",
					"@loader_path/Frameworks",
				);
				PRODUCT_BUNDLE_IDENTIFIER = es.architecture.MVVM.UIDesignSystemTests;
				PRODUCT_NAME = "$(TARGET_NAME)";
				SWIFT_VERSION = 5.0;
				TARGETED_DEVICE_FAMILY = "1,2";
			};
			name = Debug;
		};
		270B35BB23E5E109008F0102 /* Release */ = {
			isa = XCBuildConfiguration;
			buildSettings = {
				CODE_SIGN_STYLE = Automatic;
				INFOPLIST_FILE = UIDesignSystemTests/Info.plist;
				LD_RUNPATH_SEARCH_PATHS = (
					"$(inherited)",
					"@executable_path/Frameworks",
					"@loader_path/Frameworks",
				);
				PRODUCT_BUNDLE_IDENTIFIER = es.architecture.MVVM.UIDesignSystemTests;
				PRODUCT_NAME = "$(TARGET_NAME)";
				SWIFT_VERSION = 5.0;
				TARGETED_DEVICE_FAMILY = "1,2";
			};
			name = Release;
		};
/* End XCBuildConfiguration section */

/* Begin XCConfigurationList section */
		270B359C23E5E109008F0102 /* Build configuration list for PBXProject "UIDesignSystem" */ = {
			isa = XCConfigurationList;
			buildConfigurations = (
				270B35B423E5E109008F0102 /* Debug */,
				270B35B523E5E109008F0102 /* Release */,
			);
			defaultConfigurationIsVisible = 0;
			defaultConfigurationName = Release;
		};
		270B35B623E5E109008F0102 /* Build configuration list for PBXNativeTarget "UIDesignSystem" */ = {
			isa = XCConfigurationList;
			buildConfigurations = (
				270B35B723E5E109008F0102 /* Debug */,
				270B35B823E5E109008F0102 /* Release */,
			);
			defaultConfigurationIsVisible = 0;
			defaultConfigurationName = Release;
		};
		270B35B923E5E109008F0102 /* Build configuration list for PBXNativeTarget "UIDesignSystemTests" */ = {
			isa = XCConfigurationList;
			buildConfigurations = (
				270B35BA23E5E109008F0102 /* Debug */,
				270B35BB23E5E109008F0102 /* Release */,
			);
			defaultConfigurationIsVisible = 0;
			defaultConfigurationName = Release;
		};
/* End XCConfigurationList section */
	};
	rootObject = 270B359923E5E109008F0102 /* Project object */;
}
